
Microsoft Visual Studio Solution File, Format Version 12.00
# Visual Studio Version 16
VisualStudioVersion = 16.0.31911.196
MinimumVisualStudioVersion = 10.0.40219.1
Project("{FAE04EC0-301F-11D3-BF4B-00C04F79EFBC}") = "Задание 19", "Задание 19\Задание 19.csproj", "{0BE715B5-2AF4-4866-9470-B29A4DC6105E}"
EndProject
Global
	GlobalSection(SolutionConfigurationPlatforms) = preSolution
		Debug|Any CPU = Debug|Any CPU
		Release|Any CPU = Release|Any CPU
	EndGlobalSection
	GlobalSection(ProjectConfigurationPlatforms) = postSolution
		{0BE715B5-2AF4-4866-9470-B29A4DC6105E}.Debug|Any CPU.ActiveCfg = Debug|Any CPU
		{0BE715B5-2AF4-4866-9470-B29A4DC6105E}.Debug|Any CPU.Build.0 = Debug|Any CPU
		{0BE715B5-2AF4-4866-9470-B29A4DC6105E}.Release|Any CPU.ActiveCfg = Release|Any CPU
		{0BE715B5-2AF4-4866-9470-B29A4DC6105E}.Release|Any CPU.Build.0 = Release|Any CPU
	EndGlobalSection
	GlobalSection(SolutionProperties) = preSolution
		HideSolutionNode = FALSE
	EndGlobalSection
	GlobalSection(ExtensibilityGlobals) = postSolution
		SolutionGuid = {703C9D55-4A56-4A8C-A3C4-F4362DA617A1}
	EndGlobalSection
EndGlobal
